
Microsoft Visual Studio Solution File, Format Version 12.00
Project("{2150E333-8FDC-42A3-9474-1A3956D46DE8}") = "Core", "Core", "{7AEFDF39-3CBD-4084-8410-66C2C64E6738}"
EndProject
Project("{2150E333-8FDC-42A3-9474-1A3956D46DE8}") = "Presentation", "Presentation", "{AB57A743-33FD-49E0-B59C-139DC2A0FE96}"
EndProject
Project("{2150E333-8FDC-42A3-9474-1A3956D46DE8}") = "Infrastructure", "Infrastructure", "{95672C07-9227-4B40-B99D-A9F97CB3CC1E}"
EndProject
Project("{FAE04EC0-301F-11D3-BF4B-00C04F79EFBC}") = "FonTech2.Api", "FonTech2.Api\FonTech2.Api.csproj", "{6B8CEB04-44D7-4E2A-B869-38C121208F64}"
EndProject
Project("{FAE04EC0-301F-11D3-BF4B-00C04F79EFBC}") = "FonTech2.Domain", "FonTech2.Domain\FonTech2.Domain.csproj", "{1AC8A378-163B-4F2D-83EC-39F86B8B99BB}"
EndProject
Project("{FAE04EC0-301F-11D3-BF4B-00C04F79EFBC}") = "FonTech2.DAL", "FonTech2.DAL\FonTech2.DAL.csproj", "{C5071AAF-74F5-488C-AA38-FD5848761440}"
EndProject
Project("{FAE04EC0-301F-11D3-BF4B-00C04F79EFBC}") = "FonTech2.Application", "FonTech2.Application\FonTech2.Application.csproj", "{5FCFDDB8-B0EF-49FB-88CA-3A1B95D0FDFC}"
EndProject
Project("{FAE04EC0-301F-11D3-BF4B-00C04F79EFBC}") = "FonTech2.Producer", "FonTech2.Producer\FonTech2.Producer.csproj", "{139E0120-6196-4B8F-A02B-B6A3C9DD5C33}"
EndProject
Project("{FAE04EC0-301F-11D3-BF4B-00C04F79EFBC}") = "FonTech2.Consumer", "FonTech2.Consumer\FonTech2.Consumer.csproj", "{5495E0AA-6A0F-4EDD-BD79-07867A556DD5}"
EndProject
Global
	GlobalSection(SolutionConfigurationPlatforms) = preSolution
		Debug|Any CPU = Debug|Any CPU
		Release|Any CPU = Release|Any CPU
	EndGlobalSection
	GlobalSection(NestedProjects) = preSolution
		{6B8CEB04-44D7-4E2A-B869-38C121208F64} = {AB57A743-33FD-49E0-B59C-139DC2A0FE96}
		{1AC8A378-163B-4F2D-83EC-39F86B8B99BB} = {7AEFDF39-3CBD-4084-8410-66C2C64E6738}
		{C5071AAF-74F5-488C-AA38-FD5848761440} = {95672C07-9227-4B40-B99D-A9F97CB3CC1E}
		{5FCFDDB8-B0EF-49FB-88CA-3A1B95D0FDFC} = {7AEFDF39-3CBD-4084-8410-66C2C64E6738}
		{139E0120-6196-4B8F-A02B-B6A3C9DD5C33} = {95672C07-9227-4B40-B99D-A9F97CB3CC1E}
		{5495E0AA-6A0F-4EDD-BD79-07867A556DD5} = {95672C07-9227-4B40-B99D-A9F97CB3CC1E}
	EndGlobalSection
	GlobalSection(ProjectConfigurationPlatforms) = postSolution
		{6B8CEB04-44D7-4E2A-B869-38C121208F64}.Debug|Any CPU.ActiveCfg = Debug|Any CPU
		{6B8CEB04-44D7-4E2A-B869-38C121208F64}.Debug|Any CPU.Build.0 = Debug|Any CPU
		{6B8CEB04-44D7-4E2A-B869-38C121208F64}.Release|Any CPU.ActiveCfg = Release|Any CPU
		{6B8CEB04-44D7-4E2A-B869-38C121208F64}.Release|Any CPU.Build.0 = Release|Any CPU
		{1AC8A378-163B-4F2D-83EC-39F86B8B99BB}.Debug|Any CPU.ActiveCfg = Debug|Any CPU
		{1AC8A378-163B-4F2D-83EC-39F86B8B99BB}.Debug|Any CPU.Build.0 = Debug|Any CPU
		{1AC8A378-163B-4F2D-83EC-39F86B8B99BB}.Release|Any CPU.ActiveCfg = Release|Any CPU
		{1AC8A378-163B-4F2D-83EC-39F86B8B99BB}.Release|Any CPU.Build.0 = Release|Any CPU
		{C5071AAF-74F5-488C-AA38-FD5848761440}.Debug|Any CPU.ActiveCfg = Debug|Any CPU
		{C5071AAF-74F5-488C-AA38-FD5848761440}.Debug|Any CPU.Build.0 = Debug|Any CPU
		{C5071AAF-74F5-488C-AA38-FD5848761440}.Release|Any CPU.ActiveCfg = Release|Any CPU
		{C5071AAF-74F5-488C-AA38-FD5848761440}.Release|Any CPU.Build.0 = Release|Any CPU
		{5FCFDDB8-B0EF-49FB-88CA-3A1B95D0FDFC}.Debug|Any CPU.ActiveCfg = Debug|Any CPU
		{5FCFDDB8-B0EF-49FB-88CA-3A1B95D0FDFC}.Debug|Any CPU.Build.0 = Debug|Any CPU
		{5FCFDDB8-B0EF-49FB-88CA-3A1B95D0FDFC}.Release|Any CPU.ActiveCfg = Release|Any CPU
		{5FCFDDB8-B0EF-49FB-88CA-3A1B95D0FDFC}.Release|Any CPU.Build.0 = Release|Any CPU
		{139E0120-6196-4B8F-A02B-B6A3C9DD5C33}.Debug|Any CPU.ActiveCfg = Debug|Any CPU
		{139E0120-6196-4B8F-A02B-B6A3C9DD5C33}.Debug|Any CPU.Build.0 = Debug|Any CPU
		{139E0120-6196-4B8F-A02B-B6A3C9DD5C33}.Release|Any CPU.ActiveCfg = Release|Any CPU
		{139E0120-6196-4B8F-A02B-B6A3C9DD5C33}.Release|Any CPU.Build.0 = Release|Any CPU
		{5495E0AA-6A0F-4EDD-BD79-07867A556DD5}.Debug|Any CPU.ActiveCfg = Debug|Any CPU
		{5495E0AA-6A0F-4EDD-BD79-07867A556DD5}.Debug|Any CPU.Build.0 = Debug|Any CPU
		{5495E0AA-6A0F-4EDD-BD79-07867A556DD5}.Release|Any CPU.ActiveCfg = Release|Any CPU
		{5495E0AA-6A0F-4EDD-BD79-07867A556DD5}.Release|Any CPU.Build.0 = Release|Any CPU
	EndGlobalSection
EndGlobal
